{
  "lockfile_version": "1",
  "packages": {
    "flyctl@latest": {
      "last_modified": "2025-10-22T20:59:19Z",
      "resolved": "github:NixOS/nixpkgs/01b6809f7f9d1183a2b3e081f0a1e6f8f415cb09#flyctl",
      "source": "devbox-search",
      "version": "0.3.172",
      "systems": {
        "aarch64-darwin": {
          "outputs": [
            {
              "name": "out",
              "path": "/nix/store/42g4z6kjck7s6k26ippwyb1g4n0x0vis-flyctl-0.3.172",
              "default": true
            }
          ],
          "store_path": "/nix/store/42g4z6kjck7s6k26ippwyb1g4n0x0vis-flyctl-0.3.172"
        },
        "aarch64-linux": {
          "outputs": [
            {
              "name": "out",
              "path": "/nix/store/bmbzm2da6wiafwq3vjwzjfslgcw1clwg-flyctl-0.3.172",
              "default": true
            }
          ],
          "store_path": "/nix/store/bmbzm2da6wiafwq3vjwzjfslgcw1clwg-flyctl-0.3.172"
        },
        "x86_64-darwin": {
          "outputs": [
            {
              "name": "out",
              "path": "/nix/store/6k6ifpjq5f7hrhharfvib3f4vqxwa719-flyctl-0.3.172",
              "default": true
            }
          ],
          "store_path": "/nix/store/6k6ifpjq5f7hrhharfvib3f4vqxwa719-flyctl-0.3.172"
        },
        "x86_64-linux": {
          "outputs": [
            {
              "name": "out",
              "path": "/nix/store/aa1glf24399bjs9npxp6zapw370a6n7n-flyctl-0.3.172",
              "default": true
            }
          ],
          "store_path": "/nix/store/aa1glf24399bjs9npxp6zapw370a6n7n-flyctl-0.3.172"
        }
      }
    },
    "github:NixOS/nixpkgs/nixpkgs-unstable": {
      "last_modified": "2025-11-08T12:28:21Z",
      "resolved": "github:NixOS/nixpkgs/f6b44b2401525650256b977063dbcf830f762369?lastModified=1762604901&narHash=sha256-Pr2jpryIaQr9Yx8p6QssS03wqB6UifnnLr3HJw9veDw%3D"
    },
    "go-task@latest": {
      "last_modified": "2025-10-22T20:59:19Z",
      "resolved": "github:NixOS/nixpkgs/01b6809f7f9d1183a2b3e081f0a1e6f8f415cb09#go-task",
      "source": "devbox-search",
      "version": "3.45.4",
      "systems": {
        "aarch64-darwin": {
          "outputs": [
            {
              "name": "out",
              "path": "/nix/store/mj7zghvnya1rl3gw3l8ll91qah5v9rxv-go-task-3.45.4",
              "default": true
            }
          ],
          "store_path": "/nix/store/mj7zghvnya1rl3gw3l8ll91qah5v9rxv-go-task-3.45.4"
        },
        "aarch64-linux": {
          "outputs": [
            {
              "name": "out",
              "path": "/nix/store/2rvk0icfridcj5035f0n05bbgs30y5pb-go-task-3.45.4",
              "default": true
            }
          ],
          "store_path": "/nix/store/2rvk0icfridcj5035f0n05bbgs30y5pb-go-task-3.45.4"
        },
        "x86_64-darwin": {
          "outputs": [
            {
              "name": "out",
              "path": "/nix/store/3n1f9c46z5vkvybghn9mp56iccxqghg6-go-task-3.45.4",
              "default": true
            }
          ],
          "store_path": "/nix/store/3n1f9c46z5vkvybghn9mp56iccxqghg6-go-task-3.45.4"
        },
        "x86_64-linux": {
          "outputs": [
            {
              "name": "out",
              "path": "/nix/store/sbhyd09c4nsdlg62mp4g4d6z0hga6f9z-go-task-3.45.4",
              "default": true
            }
          ],
          "store_path": "/nix/store/sbhyd09c4nsdlg62mp4g4d6z0hga6f9z-go-task-3.45.4"
        }
      }
    },
    "go-tools@latest": {
      "last_modified": "2025-10-22T20:59:19Z",
      "resolved": "github:NixOS/nixpkgs/01b6809f7f9d1183a2b3e081f0a1e6f8f415cb09#go-tools",
      "source": "devbox-search",
      "version": "2025.1.1",
      "systems": {
        "aarch64-darwin": {
          "outputs": [
            {
              "name": "out",
              "path": "/nix/store/dmc2881qi236ngiys8lkx0p5lqqi7s07-go-tools-2025.1.1",
              "default": true
            }
          ],
          "store_path": "/nix/store/dmc2881qi236ngiys8lkx0p5lqqi7s07-go-tools-2025.1.1"
        },
        "aarch64-linux": {
          "outputs": [
            {
              "name": "out",
              "path": "/nix/store/6bjn500layrkgprippawzv28pjv2yz1z-go-tools-2025.1.1",
              "default": true
            }
          ],
          "store_path": "/nix/store/6bjn500layrkgprippawzv28pjv2yz1z-go-tools-2025.1.1"
        },
        "x86_64-darwin": {
          "outputs": [
            {
              "name": "out",
              "path": "/nix/store/mqxl1ghv87ywrqac3ip166786qc87iv4-go-tools-2025.1.1",
              "default": true
            }
          ],
          "store_path": "/nix/store/mqxl1ghv87ywrqac3ip166786qc87iv4-go-tools-2025.1.1"
        },
        "x86_64-linux": {
          "outputs": [
            {
              "name": "out",
              "path": "/nix/store/4d8h5lczhn3z9iy4wqbzrrxlbn4kvbfs-go-tools-2025.1.1",
              "default": true
            }
          ],
          "store_path": "/nix/store/4d8h5lczhn3z9iy4wqbzrrxlbn4kvbfs-go-tools-2025.1.1"
        }
      }
    },
    "go@latest": {
      "last_modified": "2025-10-22T20:59:19Z",
      "resolved": "github:NixOS/nixpkgs/01b6809f7f9d1183a2b3e081f0a1e6f8f415cb09#go",
      "source": "devbox-search",
      "version": "1.25.2",
      "systems": {
        "aarch64-darwin": {
          "outputs": [
            {
              "name": "out",
              "path": "/nix/store/nkhf1yv637cp91y79zap7jxmm98v8pvj-go-1.25.2",
              "default": true
            }
          ],
          "store_path": "/nix/store/nkhf1yv637cp91y79zap7jxmm98v8pvj-go-1.25.2"
        },
        "aarch64-linux": {
          "outputs": [
            {
              "name": "out",
              "path": "/nix/store/p1d8jb1k4db3aiqwyp8b1kw4mja3qygx-go-1.25.2",
              "default": true
            }
          ],
          "store_path": "/nix/store/p1d8jb1k4db3aiqwyp8b1kw4mja3qygx-go-1.25.2"
        },
        "x86_64-darwin": {
          "outputs": [
            {
              "name": "out",
              "path": "/nix/store/xvwacgkf3x446qq3mdsh3v13f8935wa3-go-1.25.2",
              "default": true
            }
          ],
          "store_path": "/nix/store/xvwacgkf3x446qq3mdsh3v13f8935wa3-go-1.25.2"
        },
        "x86_64-linux": {
          "outputs": [
            {
              "name": "out",
              "path": "/nix/store/k1kn1c59ss7nq6agdppzq3krwmi3xqy4-go-1.25.2",
              "default": true
            }
          ],
          "store_path": "/nix/store/k1kn1c59ss7nq6agdppzq3krwmi3xqy4-go-1.25.2"
        }
      }
    },
    "golangci-lint@latest": {
      "last_modified": "2025-11-07T02:32:13Z",
      "resolved": "github:NixOS/nixpkgs/e1ebeec86b771e9d387dd02d82ffdc77ac753abc#golangci-lint",
      "source": "devbox-search",
      "version": "2.6.1",
      "systems": {
        "aarch64-darwin": {
          "outputs": [
            {
              "name": "out",
              "path": "/nix/store/38zwfr9vb8lw5a5lbszmqj1ipnwkg81n-golangci-lint-2.6.1",
              "default": true
            }
          ],
          "store_path": "/nix/store/38zwfr9vb8lw5a5lbszmqj1ipnwkg81n-golangci-lint-2.6.1"
        },
        "aarch64-linux": {
          "outputs": [
            {
              "name": "out",
              "path": "/nix/store/qgqzzlmnj51qn1phw8jw34h8d5xlr22b-golangci-lint-2.6.1",
              "default": true
            }
          ],
          "store_path": "/nix/store/qgqzzlmnj51qn1phw8jw34h8d5xlr22b-golangci-lint-2.6.1"
        },
        "x86_64-darwin": {
          "outputs": [
            {
              "name": "out",
              "path": "/nix/store/lrl9hfxqw1i5ggn0lwwp2gvvnpvf3iwy-golangci-lint-2.6.1",
              "default": true
            }
          ],
          "store_path": "/nix/store/lrl9hfxqw1i5ggn0lwwp2gvvnpvf3iwy-golangci-lint-2.6.1"
        },
        "x86_64-linux": {
          "outputs": [
            {
              "name": "out",
              "path": "/nix/store/9d2r57v8h6bk378qdx0hixbaim8irn03-golangci-lint-2.6.1",
              "default": true
            }
          ],
          "store_path": "/nix/store/9d2r57v8h6bk378qdx0hixbaim8irn03-golangci-lint-2.6.1"
        }
      }
    },
    "golines@latest": {
      "last_modified": "2025-10-22T20:59:19Z",
      "resolved": "github:NixOS/nixpkgs/01b6809f7f9d1183a2b3e081f0a1e6f8f415cb09#golines",
      "source": "devbox-search",
      "version": "0.13.0",
      "systems": {
        "aarch64-darwin": {
          "outputs": [
            {
              "name": "out",
              "path": "/nix/store/9xpw7idh1frd7km3h83x9l526hrf3vc6-golines-0.13.0",
              "default": true
            }
          ],
          "store_path": "/nix/store/9xpw7idh1frd7km3h83x9l526hrf3vc6-golines-0.13.0"
        },
        "aarch64-linux": {
          "outputs": [
            {
              "name": "out",
              "path": "/nix/store/491iy5bg9pl3f5d7k0cw28gan5sj7g1n-golines-0.13.0",
              "default": true
            }
          ],
          "store_path": "/nix/store/491iy5bg9pl3f5d7k0cw28gan5sj7g1n-golines-0.13.0"
        },
        "x86_64-darwin": {
          "outputs": [
            {
              "name": "out",
              "path": "/nix/store/8082d3ail7hbs9gnw9gvzgbsh5d4ggsj-golines-0.13.0",
              "default": true
            }
          ],
          "store_path": "/nix/store/8082d3ail7hbs9gnw9gvzgbsh5d4ggsj-golines-0.13.0"
        },
        "x86_64-linux": {
          "outputs": [
            {
              "name": "out",
              "path": "/nix/store/5hpbnrb3gwjz0xbnsvbwpivikpsi0rrz-golines-0.13.0",
              "default": true
            }
          ],
          "store_path": "/nix/store/5hpbnrb3gwjz0xbnsvbwpivikpsi0rrz-golines-0.13.0"
        }
      }
    },
    "govulncheck@latest": {
      "last_modified": "2025-10-22T20:59:19Z",
      "resolved": "github:NixOS/nixpkgs/01b6809f7f9d1183a2b3e081f0a1e6f8f415cb09#govulncheck",
      "source": "devbox-search",
      "version": "1.1.4",
      "systems": {
        "aarch64-darwin": {
          "outputs": [
            {
              "name": "out",
              "path": "/nix/store/d98frya3iv286mdg6fb4d2qgqs36ryli-govulncheck-1.1.4",
              "default": true
            }
          ],
          "store_path": "/nix/store/d98frya3iv286mdg6fb4d2qgqs36ryli-govulncheck-1.1.4"
        },
        "aarch64-linux": {
          "outputs": [
            {
              "name": "out",
              "path": "/nix/store/vzxhv5yf0r89hlvncb4pmmcdzrp4snj1-govulncheck-1.1.4",
              "default": true
            }
          ],
          "store_path": "/nix/store/vzxhv5yf0r89hlvncb4pmmcdzrp4snj1-govulncheck-1.1.4"
        },
        "x86_64-darwin": {
          "outputs": [
            {
              "name": "out",
              "path": "/nix/store/2nq5v1mj29kzfbyyl17ynvgnaprqcc4z-govulncheck-1.1.4",
              "default": true
            }
          ],
          "store_path": "/nix/store/2nq5v1mj29kzfbyyl17ynvgnaprqcc4z-govulncheck-1.1.4"
        },
        "x86_64-linux": {
          "outputs": [
            {
              "name": "out",
              "path": "/nix/store/nfvnqqylsv45fd7qi5ip5r0apblkpgg1-govulncheck-1.1.4",
              "default": true
            }
          ],
          "store_path": "/nix/store/nfvnqqylsv45fd7qi5ip5r0apblkpgg1-govulncheck-1.1.4"
        }
      }
    },
    "ko@latest": {
      "last_modified": "2025-10-22T20:59:19Z",
      "resolved": "github:NixOS/nixpkgs/01b6809f7f9d1183a2b3e081f0a1e6f8f415cb09#ko",
      "source": "devbox-search",
      "version": "0.18.0",
      "systems": {
        "aarch64-darwin": {
          "outputs": [
            {
              "name": "out",
              "path": "/nix/store/z00prwfva8w74qj54x2286849h0n1594-ko-0.18.0",
              "default": true
            }
          ],
          "store_path": "/nix/store/z00prwfva8w74qj54x2286849h0n1594-ko-0.18.0"
        },
        "aarch64-linux": {
          "outputs": [
            {
              "name": "out",
              "path": "/nix/store/40f0nymzr1i0gdavdc47clsg5gj0q2m6-ko-0.18.0",
              "default": true
            }
          ],
          "store_path": "/nix/store/40f0nymzr1i0gdavdc47clsg5gj0q2m6-ko-0.18.0"
        },
        "x86_64-darwin": {
          "outputs": [
            {
              "name": "out",
              "path": "/nix/store/xlad0bvypm8x668l8a3k5bb93aihdvic-ko-0.18.0",
              "default": true
            }
          ],
          "store_path": "/nix/store/xlad0bvypm8x668l8a3k5bb93aihdvic-ko-0.18.0"
        },
        "x86_64-linux": {
          "outputs": [
            {
              "name": "out",
              "path": "/nix/store/5c7xbdz4xybzjz17x5gjxi9k028aqgj4-ko-0.18.0",
              "default": true
            }
          ],
          "store_path": "/nix/store/5c7xbdz4xybzjz17x5gjxi9k028aqgj4-ko-0.18.0"
        }
      }
    }
  }
}
